
Microsoft Visual Studio Solution File, Format Version 12.00
# Visual Studio Version 16
VisualStudioVersion = 16.0.29806.167
MinimumVisualStudioVersion = 10.0.40219.1
Project("{9A19103F-16F7-4668-BE54-9A1E7A4F7556}") = "Cookbook.WebAPI", "Cookbook.WebAPI\Cookbook.WebAPI.csproj", "{47E284EC-71A1-4FCC-8A27-551D2C60397D}"
EndProject
Project("{9A19103F-16F7-4668-BE54-9A1E7A4F7556}") = "Cookbook.Model", "Cookbook.Model\Cookbook.Model.csproj", "{5369575D-2BA0-4D79-BADC-73CAA19C4F71}"
EndProject
Project("{2150E333-8FDC-42A3-9474-1A3956D46DE8}") = "UI", "UI", "{21355C81-3680-442A-B82C-F388A4C857FE}"
EndProject
Project("{FAE04EC0-301F-11D3-BF4B-00C04F79EFBC}") = "Cookbook.WinUI", "Cookbook.WinUI\Cookbook.WinUI.csproj", "{B6405FE1-457A-4C0A-9E3A-0538210F4B56}"
EndProject
Project("{2150E333-8FDC-42A3-9474-1A3956D46DE8}") = "Cookbook.Mobile", "Cookbook.Mobile", "{BA5DA4BB-E4FF-4542-B3A2-43C6D7892BB4}"
EndProject
Project("{FAE04EC0-301F-11D3-BF4B-00C04F79EFBC}") = "Cookbook.MobileApp.UWP", "Cookbook.MobileApp\Cookbook.MobileApp.UWP\Cookbook.MobileApp.UWP.csproj", "{1E867F94-87E9-4D82-815C-D89F1915CC6C}"
EndProject
Project("{FAE04EC0-301F-11D3-BF4B-00C04F79EFBC}") = "Cookbook.MobileApp.Android", "Cookbook.MobileApp\Cookbook.MobileApp.Android\Cookbook.MobileApp.Android.csproj", "{0343F8F2-78BB-4197-84AC-15FAD475C56E}"
EndProject
Project("{FAE04EC0-301F-11D3-BF4B-00C04F79EFBC}") = "Cookbook.MobileApp.iOS", "Cookbook.MobileApp\Cookbook.MobileApp.iOS\Cookbook.MobileApp.iOS.csproj", "{D00F8885-5FC4-4603-A0F1-3C01BC1DABE9}"
EndProject
Project("{9A19103F-16F7-4668-BE54-9A1E7A4F7556}") = "Cookbook.MobileApp", "Cookbook.MobileApp\Cookbook.MobileApp\Cookbook.MobileApp.csproj", "{132C2438-1D55-4E54-9369-071642332253}"
EndProject
Global
	GlobalSection(SolutionConfigurationPlatforms) = preSolution
		Debug|Any CPU = Debug|Any CPU
		Debug|ARM = Debug|ARM
		Debug|iPhone = Debug|iPhone
		Debug|iPhoneSimulator = Debug|iPhoneSimulator
		Debug|x64 = Debug|x64
		Debug|x86 = Debug|x86
		Release|Any CPU = Release|Any CPU
		Release|ARM = Release|ARM
		Release|iPhone = Release|iPhone
		Release|iPhoneSimulator = Release|iPhoneSimulator
		Release|x64 = Release|x64
		Release|x86 = Release|x86
	EndGlobalSection
	GlobalSection(ProjectConfigurationPlatforms) = postSolution
		{47E284EC-71A1-4FCC-8A27-551D2C60397D}.Debug|Any CPU.ActiveCfg = Debug|Any CPU
		{47E284EC-71A1-4FCC-8A27-551D2C60397D}.Debug|Any CPU.Build.0 = Debug|Any CPU
		{47E284EC-71A1-4FCC-8A27-551D2C60397D}.Debug|ARM.ActiveCfg = Debug|Any CPU
		{47E284EC-71A1-4FCC-8A27-551D2C60397D}.Debug|ARM.Build.0 = Debug|Any CPU
		{47E284EC-71A1-4FCC-8A27-551D2C60397D}.Debug|iPhone.ActiveCfg = Debug|Any CPU
		{47E284EC-71A1-4FCC-8A27-551D2C60397D}.Debug|iPhone.Build.0 = Debug|Any CPU
		{47E284EC-71A1-4FCC-8A27-551D2C60397D}.Debug|iPhoneSimulator.ActiveCfg = Debug|Any CPU
		{47E284EC-71A1-4FCC-8A27-551D2C60397D}.Debug|iPhoneSimulator.Build.0 = Debug|Any CPU
		{47E284EC-71A1-4FCC-8A27-551D2C60397D}.Debug|x64.ActiveCfg = Debug|Any CPU
		{47E284EC-71A1-4FCC-8A27-551D2C60397D}.Debug|x64.Build.0 = Debug|Any CPU
		{47E284EC-71A1-4FCC-8A27-551D2C60397D}.Debug|x86.ActiveCfg = Debug|Any CPU
		{47E284EC-71A1-4FCC-8A27-551D2C60397D}.Debug|x86.Build.0 = Debug|Any CPU
		{47E284EC-71A1-4FCC-8A27-551D2C60397D}.Release|Any CPU.ActiveCfg = Release|Any CPU
		{47E284EC-71A1-4FCC-8A27-551D2C60397D}.Release|Any CPU.Build.0 = Release|Any CPU
		{47E284EC-71A1-4FCC-8A27-551D2C60397D}.Release|ARM.ActiveCfg = Release|Any CPU
		{47E284EC-71A1-4FCC-8A27-551D2C60397D}.Release|ARM.Build.0 = Release|Any CPU
		{47E284EC-71A1-4FCC-8A27-551D2C60397D}.Release|iPhone.ActiveCfg = Release|Any CPU
		{47E284EC-71A1-4FCC-8A27-551D2C60397D}.Release|iPhone.Build.0 = Release|Any CPU
		{47E284EC-71A1-4FCC-8A27-551D2C60397D}.Release|iPhoneSimulator.ActiveCfg = Release|Any CPU
		{47E284EC-71A1-4FCC-8A27-551D2C60397D}.Release|iPhoneSimulator.Build.0 = Release|Any CPU
		{47E284EC-71A1-4FCC-8A27-551D2C60397D}.Release|x64.ActiveCfg = Release|Any CPU
		{47E284EC-71A1-4FCC-8A27-551D2C60397D}.Release|x64.Build.0 = Release|Any CPU
		{47E284EC-71A1-4FCC-8A27-551D2C60397D}.Release|x86.ActiveCfg = Release|Any CPU
		{47E284EC-71A1-4FCC-8A27-551D2C60397D}.Release|x86.Build.0 = Release|Any CPU
		{5369575D-2BA0-4D79-BADC-73CAA19C4F71}.Debug|Any CPU.ActiveCfg = Debug|Any CPU
		{5369575D-2BA0-4D79-BADC-73CAA19C4F71}.Debug|Any CPU.Build.0 = Debug|Any CPU
		{5369575D-2BA0-4D79-BADC-73CAA19C4F71}.Debug|ARM.ActiveCfg = Debug|Any CPU
		{5369575D-2BA0-4D79-BADC-73CAA19C4F71}.Debug|ARM.Build.0 = Debug|Any CPU
		{5369575D-2BA0-4D79-BADC-73CAA19C4F71}.Debug|iPhone.ActiveCfg = Debug|Any CPU
		{5369575D-2BA0-4D79-BADC-73CAA19C4F71}.Debug|iPhone.Build.0 = Debug|Any CPU
		{5369575D-2BA0-4D79-BADC-73CAA19C4F71}.Debug|iPhoneSimulator.ActiveCfg = Debug|Any CPU
		{5369575D-2BA0-4D79-BADC-73CAA19C4F71}.Debug|iPhoneSimulator.Build.0 = Debug|Any CPU
		{5369575D-2BA0-4D79-BADC-73CAA19C4F71}.Debug|x64.ActiveCfg = Debug|Any CPU
		{5369575D-2BA0-4D79-BADC-73CAA19C4F71}.Debug|x64.Build.0 = Debug|Any CPU
		{5369575D-2BA0-4D79-BADC-73CAA19C4F71}.Debug|x86.ActiveCfg = Debug|Any CPU
		{5369575D-2BA0-4D79-BADC-73CAA19C4F71}.Debug|x86.Build.0 = Debug|Any CPU
		{5369575D-2BA0-4D79-BADC-73CAA19C4F71}.Release|Any CPU.ActiveCfg = Release|Any CPU
		{5369575D-2BA0-4D79-BADC-73CAA19C4F71}.Release|Any CPU.Build.0 = Release|Any CPU
		{5369575D-2BA0-4D79-BADC-73CAA19C4F71}.Release|ARM.ActiveCfg = Release|Any CPU
		{5369575D-2BA0-4D79-BADC-73CAA19C4F71}.Release|ARM.Build.0 = Release|Any CPU
		{5369575D-2BA0-4D79-BADC-73CAA19C4F71}.Release|iPhone.ActiveCfg = Release|Any CPU
		{5369575D-2BA0-4D79-BADC-73CAA19C4F71}.Release|iPhone.Build.0 = Release|Any CPU
		{5369575D-2BA0-4D79-BADC-73CAA19C4F71}.Release|iPhoneSimulator.ActiveCfg = Release|Any CPU
		{5369575D-2BA0-4D79-BADC-73CAA19C4F71}.Release|iPhoneSimulator.Build.0 = Release|Any CPU
		{5369575D-2BA0-4D79-BADC-73CAA19C4F71}.Release|x64.ActiveCfg = Release|Any CPU
		{5369575D-2BA0-4D79-BADC-73CAA19C4F71}.Release|x64.Build.0 = Release|Any CPU
		{5369575D-2BA0-4D79-BADC-73CAA19C4F71}.Release|x86.ActiveCfg = Release|Any CPU
		{5369575D-2BA0-4D79-BADC-73CAA19C4F71}.Release|x86.Build.0 = Release|Any CPU
		{B6405FE1-457A-4C0A-9E3A-0538210F4B56}.Debug|Any CPU.ActiveCfg = Debug|Any CPU
		{B6405FE1-457A-4C0A-9E3A-0538210F4B56}.Debug|Any CPU.Build.0 = Debug|Any CPU
		{B6405FE1-457A-4C0A-9E3A-0538210F4B56}.Debug|ARM.ActiveCfg = Debug|Any CPU
		{B6405FE1-457A-4C0A-9E3A-0538210F4B56}.Debug|ARM.Build.0 = Debug|Any CPU
		{B6405FE1-457A-4C0A-9E3A-0538210F4B56}.Debug|iPhone.ActiveCfg = Debug|Any CPU
		{B6405FE1-457A-4C0A-9E3A-0538210F4B56}.Debug|iPhone.Build.0 = Debug|Any CPU
		{B6405FE1-457A-4C0A-9E3A-0538210F4B56}.Debug|iPhoneSimulator.ActiveCfg = Debug|Any CPU
		{B6405FE1-457A-4C0A-9E3A-0538210F4B56}.Debug|iPhoneSimulator.Build.0 = Debug|Any CPU
		{B6405FE1-457A-4C0A-9E3A-0538210F4B56}.Debug|x64.ActiveCfg = Debug|Any CPU
		{B6405FE1-457A-4C0A-9E3A-0538210F4B56}.Debug|x64.Build.0 = Debug|Any CPU
		{B6405FE1-457A-4C0A-9E3A-0538210F4B56}.Debug|x86.ActiveCfg = Debug|Any CPU
		{B6405FE1-457A-4C0A-9E3A-0538210F4B56}.Debug|x86.Build.0 = Debug|Any CPU
		{B6405FE1-457A-4C0A-9E3A-0538210F4B56}.Release|Any CPU.ActiveCfg = Release|Any CPU
		{B6405FE1-457A-4C0A-9E3A-0538210F4B56}.Release|Any CPU.Build.0 = Release|Any CPU
		{B6405FE1-457A-4C0A-9E3A-0538210F4B56}.Release|ARM.ActiveCfg = Release|Any CPU
		{B6405FE1-457A-4C0A-9E3A-0538210F4B56}.Release|ARM.Build.0 = Release|Any CPU
		{B6405FE1-457A-4C0A-9E3A-0538210F4B56}.Release|iPhone.ActiveCfg = Release|Any CPU
		{B6405FE1-457A-4C0A-9E3A-0538210F4B56}.Release|iPhone.Build.0 = Release|Any CPU
		{B6405FE1-457A-4C0A-9E3A-0538210F4B56}.Release|iPhoneSimulator.ActiveCfg = Release|Any CPU
		{B6405FE1-457A-4C0A-9E3A-0538210F4B56}.Release|iPhoneSimulator.Build.0 = Release|Any CPU
		{B6405FE1-457A-4C0A-9E3A-0538210F4B56}.Release|x64.ActiveCfg = Release|Any CPU
		{B6405FE1-457A-4C0A-9E3A-0538210F4B56}.Release|x64.Build.0 = Release|Any CPU
		{B6405FE1-457A-4C0A-9E3A-0538210F4B56}.Release|x86.ActiveCfg = Release|Any CPU
		{B6405FE1-457A-4C0A-9E3A-0538210F4B56}.Release|x86.Build.0 = Release|Any CPU
		{1E867F94-87E9-4D82-815C-D89F1915CC6C}.Debug|Any CPU.ActiveCfg = Debug|x86
		{1E867F94-87E9-4D82-815C-D89F1915CC6C}.Debug|Any CPU.Build.0 = Debug|x86
		{1E867F94-87E9-4D82-815C-D89F1915CC6C}.Debug|Any CPU.Deploy.0 = Debug|x86
		{1E867F94-87E9-4D82-815C-D89F1915CC6C}.Debug|ARM.ActiveCfg = Debug|ARM
		{1E867F94-87E9-4D82-815C-D89F1915CC6C}.Debug|ARM.Build.0 = Debug|ARM
		{1E867F94-87E9-4D82-815C-D89F1915CC6C}.Debug|ARM.Deploy.0 = Debug|ARM
		{1E867F94-87E9-4D82-815C-D89F1915CC6C}.Debug|iPhone.ActiveCfg = Debug|x86
		{1E867F94-87E9-4D82-815C-D89F1915CC6C}.Debug|iPhoneSimulator.ActiveCfg = Debug|x86
		{1E867F94-87E9-4D82-815C-D89F1915CC6C}.Debug|x64.ActiveCfg = Debug|x64
		{1E867F94-87E9-4D82-815C-D89F1915CC6C}.Debug|x64.Build.0 = Debug|x64
		{1E867F94-87E9-4D82-815C-D89F1915CC6C}.Debug|x64.Deploy.0 = Debug|x64
		{1E867F94-87E9-4D82-815C-D89F1915CC6C}.Debug|x86.ActiveCfg = Debug|x86
		{1E867F94-87E9-4D82-815C-D89F1915CC6C}.Debug|x86.Build.0 = Debug|x86
		{1E867F94-87E9-4D82-815C-D89F1915CC6C}.Debug|x86.Deploy.0 = Debug|x86
		{1E867F94-87E9-4D82-815C-D89F1915CC6C}.Release|Any CPU.ActiveCfg = Release|x86
		{1E867F94-87E9-4D82-815C-D89F1915CC6C}.Release|ARM.ActiveCfg = Release|ARM
		{1E867F94-87E9-4D82-815C-D89F1915CC6C}.Release|ARM.Build.0 = Release|ARM
		{1E867F94-87E9-4D82-815C-D89F1915CC6C}.Release|ARM.Deploy.0 = Release|ARM
		{1E867F94-87E9-4D82-815C-D89F1915CC6C}.Release|iPhone.ActiveCfg = Release|x86
		{1E867F94-87E9-4D82-815C-D89F1915CC6C}.Release|iPhoneSimulator.ActiveCfg = Release|x86
		{1E867F94-87E9-4D82-815C-D89F1915CC6C}.Release|x64.ActiveCfg = Release|x64
		{1E867F94-87E9-4D82-815C-D89F1915CC6C}.Release|x64.Build.0 = Release|x64
		{1E867F94-87E9-4D82-815C-D89F1915CC6C}.Release|x64.Deploy.0 = Release|x64
		{1E867F94-87E9-4D82-815C-D89F1915CC6C}.Release|x86.ActiveCfg = Release|x86
		{1E867F94-87E9-4D82-815C-D89F1915CC6C}.Release|x86.Build.0 = Release|x86
		{1E867F94-87E9-4D82-815C-D89F1915CC6C}.Release|x86.Deploy.0 = Release|x86
		{0343F8F2-78BB-4197-84AC-15FAD475C56E}.Debug|Any CPU.ActiveCfg = Debug|Any CPU
		{0343F8F2-78BB-4197-84AC-15FAD475C56E}.Debug|Any CPU.Build.0 = Debug|Any CPU
		{0343F8F2-78BB-4197-84AC-15FAD475C56E}.Debug|Any CPU.Deploy.0 = Debug|Any CPU
		{0343F8F2-78BB-4197-84AC-15FAD475C56E}.Debug|ARM.ActiveCfg = Debug|Any CPU
		{0343F8F2-78BB-4197-84AC-15FAD475C56E}.Debug|ARM.Build.0 = Debug|Any CPU
		{0343F8F2-78BB-4197-84AC-15FAD475C56E}.Debug|ARM.Deploy.0 = Debug|Any CPU
		{0343F8F2-78BB-4197-84AC-15FAD475C56E}.Debug|iPhone.ActiveCfg = Debug|Any CPU
		{0343F8F2-78BB-4197-84AC-15FAD475C56E}.Debug|iPhone.Build.0 = Debug|Any CPU
		{0343F8F2-78BB-4197-84AC-15FAD475C56E}.Debug|iPhone.Deploy.0 = Debug|Any CPU
		{0343F8F2-78BB-4197-84AC-15FAD475C56E}.Debug|iPhoneSimulator.ActiveCfg = Debug|Any CPU
		{0343F8F2-78BB-4197-84AC-15FAD475C56E}.Debug|iPhoneSimulator.Build.0 = Debug|Any CPU
		{0343F8F2-78BB-4197-84AC-15FAD475C56E}.Debug|iPhoneSimulator.Deploy.0 = Debug|Any CPU
		{0343F8F2-78BB-4197-84AC-15FAD475C56E}.Debug|x64.ActiveCfg = Debug|Any CPU
		{0343F8F2-78BB-4197-84AC-15FAD475C56E}.Debug|x64.Build.0 = Debug|Any CPU
		{0343F8F2-78BB-4197-84AC-15FAD475C56E}.Debug|x64.Deploy.0 = Debug|Any CPU
		{0343F8F2-78BB-4197-84AC-15FAD475C56E}.Debug|x86.ActiveCfg = Debug|Any CPU
		{0343F8F2-78BB-4197-84AC-15FAD475C56E}.Debug|x86.Build.0 = Debug|Any CPU
		{0343F8F2-78BB-4197-84AC-15FAD475C56E}.Debug|x86.Deploy.0 = Debug|Any CPU
		{0343F8F2-78BB-4197-84AC-15FAD475C56E}.Release|Any CPU.ActiveCfg = Release|Any CPU
		{0343F8F2-78BB-4197-84AC-15FAD475C56E}.Release|Any CPU.Build.0 = Release|Any CPU
		{0343F8F2-78BB-4197-84AC-15FAD475C56E}.Release|Any CPU.Deploy.0 = Release|Any CPU
		{0343F8F2-78BB-4197-84AC-15FAD475C56E}.Release|ARM.ActiveCfg = Release|Any CPU
		{0343F8F2-78BB-4197-84AC-15FAD475C56E}.Release|ARM.Build.0 = Release|Any CPU
		{0343F8F2-78BB-4197-84AC-15FAD475C56E}.Release|ARM.Deploy.0 = Release|Any CPU
		{0343F8F2-78BB-4197-84AC-15FAD475C56E}.Release|iPhone.ActiveCfg = Release|Any CPU
		{0343F8F2-78BB-4197-84AC-15FAD475C56E}.Release|iPhone.Build.0 = Release|Any CPU
		{0343F8F2-78BB-4197-84AC-15FAD475C56E}.Release|iPhone.Deploy.0 = Release|Any CPU
		{0343F8F2-78BB-4197-84AC-15FAD475C56E}.Release|iPhoneSimulator.ActiveCfg = Release|Any CPU
		{0343F8F2-78BB-4197-84AC-15FAD475C56E}.Release|iPhoneSimulator.Build.0 = Release|Any CPU
		{0343F8F2-78BB-4197-84AC-15FAD475C56E}.Release|iPhoneSimulator.Deploy.0 = Release|Any CPU
		{0343F8F2-78BB-4197-84AC-15FAD475C56E}.Release|x64.ActiveCfg = Release|Any CPU
		{0343F8F2-78BB-4197-84AC-15FAD475C56E}.Release|x64.Build.0 = Release|Any CPU
		{0343F8F2-78BB-4197-84AC-15FAD475C56E}.Release|x64.Deploy.0 = Release|Any CPU
		{0343F8F2-78BB-4197-84AC-15FAD475C56E}.Release|x86.ActiveCfg = Release|Any CPU
		{0343F8F2-78BB-4197-84AC-15FAD475C56E}.Release|x86.Build.0 = Release|Any CPU
		{0343F8F2-78BB-4197-84AC-15FAD475C56E}.Release|x86.Deploy.0 = Release|Any CPU
		{D00F8885-5FC4-4603-A0F1-3C01BC1DABE9}.Debug|Any CPU.ActiveCfg = Debug|iPhone
		{D00F8885-5FC4-4603-A0F1-3C01BC1DABE9}.Debug|ARM.ActiveCfg = Debug|iPhone
		{D00F8885-5FC4-4603-A0F1-3C01BC1DABE9}.Debug|iPhone.ActiveCfg = Debug|iPhone
		{D00F8885-5FC4-4603-A0F1-3C01BC1DABE9}.Debug|iPhone.Build.0 = Debug|iPhone
		{D00F8885-5FC4-4603-A0F1-3C01BC1DABE9}.Debug|iPhoneSimulator.ActiveCfg = Debug|iPhoneSimulator
		{D00F8885-5FC4-4603-A0F1-3C01BC1DABE9}.Debug|iPhoneSimulator.Build.0 = Debug|iPhoneSimulator
		{D00F8885-5FC4-4603-A0F1-3C01BC1DABE9}.Debug|x64.ActiveCfg = Debug|iPhone
		{D00F8885-5FC4-4603-A0F1-3C01BC1DABE9}.Debug|x86.ActiveCfg = Debug|iPhone
		{D00F8885-5FC4-4603-A0F1-3C01BC1DABE9}.Release|Any CPU.ActiveCfg = Release|iPhone
		{D00F8885-5FC4-4603-A0F1-3C01BC1DABE9}.Release|ARM.ActiveCfg = Release|iPhone
		{D00F8885-5FC4-4603-A0F1-3C01BC1DABE9}.Release|iPhone.ActiveCfg = Release|iPhone
		{D00F8885-5FC4-4603-A0F1-3C01BC1DABE9}.Release|iPhone.Build.0 = Release|iPhone
		{D00F8885-5FC4-4603-A0F1-3C01BC1DABE9}.Release|iPhoneSimulator.ActiveCfg = Release|iPhoneSimulator
		{D00F8885-5FC4-4603-A0F1-3C01BC1DABE9}.Release|iPhoneSimulator.Build.0 = Release|iPhoneSimulator
		{D00F8885-5FC4-4603-A0F1-3C01BC1DABE9}.Release|x64.ActiveCfg = Release|iPhone
		{D00F8885-5FC4-4603-A0F1-3C01BC1DABE9}.Release|x86.ActiveCfg = Release|iPhone
		{132C2438-1D55-4E54-9369-071642332253}.Debug|Any CPU.ActiveCfg = Debug|Any CPU
		{132C2438-1D55-4E54-9369-071642332253}.Debug|Any CPU.Build.0 = Debug|Any CPU
		{132C2438-1D55-4E54-9369-071642332253}.Debug|ARM.ActiveCfg = Debug|Any CPU
		{132C2438-1D55-4E54-9369-071642332253}.Debug|ARM.Build.0 = Debug|Any CPU
		{132C2438-1D55-4E54-9369-071642332253}.Debug|iPhone.ActiveCfg = Debug|Any CPU
		{132C2438-1D55-4E54-9369-071642332253}.Debug|iPhone.Build.0 = Debug|Any CPU
		{132C2438-1D55-4E54-9369-071642332253}.Debug|iPhoneSimulator.ActiveCfg = Debug|Any CPU
		{132C2438-1D55-4E54-9369-071642332253}.Debug|iPhoneSimulator.Build.0 = Debug|Any CPU
		{132C2438-1D55-4E54-9369-071642332253}.Debug|x64.ActiveCfg = Debug|Any CPU
		{132C2438-1D55-4E54-9369-071642332253}.Debug|x64.Build.0 = Debug|Any CPU
		{132C2438-1D55-4E54-9369-071642332253}.Debug|x86.ActiveCfg = Debug|Any CPU
		{132C2438-1D55-4E54-9369-071642332253}.Debug|x86.Build.0 = Debug|Any CPU
		{132C2438-1D55-4E54-9369-071642332253}.Release|Any CPU.ActiveCfg = Release|Any CPU
		{132C2438-1D55-4E54-9369-071642332253}.Release|Any CPU.Build.0 = Release|Any CPU
		{132C2438-1D55-4E54-9369-071642332253}.Release|ARM.ActiveCfg = Release|Any CPU
		{132C2438-1D55-4E54-9369-071642332253}.Release|ARM.Build.0 = Release|Any CPU
		{132C2438-1D55-4E54-9369-071642332253}.Release|iPhone.ActiveCfg = Release|Any CPU
		{132C2438-1D55-4E54-9369-071642332253}.Release|iPhone.Build.0 = Release|Any CPU
		{132C2438-1D55-4E54-9369-071642332253}.Release|iPhoneSimulator.ActiveCfg = Release|Any CPU
		{132C2438-1D55-4E54-9369-071642332253}.Release|iPhoneSimulator.Build.0 = Release|Any CPU
		{132C2438-1D55-4E54-9369-071642332253}.Release|x64.ActiveCfg = Release|Any CPU
		{132C2438-1D55-4E54-9369-071642332253}.Release|x64.Build.0 = Release|Any CPU
		{132C2438-1D55-4E54-9369-071642332253}.Release|x86.ActiveCfg = Release|Any CPU
		{132C2438-1D55-4E54-9369-071642332253}.Release|x86.Build.0 = Release|Any CPU
	EndGlobalSection
	GlobalSection(SolutionProperties) = preSolution
		HideSolutionNode = FALSE
	EndGlobalSection
	GlobalSection(NestedProjects) = preSolution
		{B6405FE1-457A-4C0A-9E3A-0538210F4B56} = {21355C81-3680-442A-B82C-F388A4C857FE}
		{1E867F94-87E9-4D82-815C-D89F1915CC6C} = {BA5DA4BB-E4FF-4542-B3A2-43C6D7892BB4}
		{0343F8F2-78BB-4197-84AC-15FAD475C56E} = {BA5DA4BB-E4FF-4542-B3A2-43C6D7892BB4}
		{D00F8885-5FC4-4603-A0F1-3C01BC1DABE9} = {BA5DA4BB-E4FF-4542-B3A2-43C6D7892BB4}
		{132C2438-1D55-4E54-9369-071642332253} = {BA5DA4BB-E4FF-4542-B3A2-43C6D7892BB4}
	EndGlobalSection
	GlobalSection(ExtensibilityGlobals) = postSolution
		SolutionGuid = {F71AD6E8-8C96-4A14-85D7-8659D219A130}
	EndGlobalSection
EndGlobal
