
Microsoft Visual Studio Solution File, Format Version 12.00
# Visual Studio Version 16
VisualStudioVersion = 16.0.29806.167
MinimumVisualStudioVersion = 10.0.40219.1
Project("{FAE04EC0-301F-11D3-BF4B-00C04F79EFBC}") = "Cookbook.WebAPI", "Cookbook.WebAPI\Cookbook.WebAPI.csproj", "{47E284EC-71A1-4FCC-8A27-551D2C60397D}"
EndProject
Project("{FAE04EC0-301F-11D3-BF4B-00C04F79EFBC}") = "Cookbook.Model", "Cookbook.Model\Cookbook.Model.csproj", "{5369575D-2BA0-4D79-BADC-73CAA19C4F71}"
EndProject
Project("{2150E333-8FDC-42A3-9474-1A3956D46DE8}") = "UI", "UI", "{21355C81-3680-442A-B82C-F388A4C857FE}"
EndProject
Project("{FAE04EC0-301F-11D3-BF4B-00C04F79EFBC}") = "Cookbook.WinUI", "Cookbook.WinUI\Cookbook.WinUI.csproj", "{B6405FE1-457A-4C0A-9E3A-0538210F4B56}"
EndProject
Global
	GlobalSection(SolutionConfigurationPlatforms) = preSolution
		Debug|Any CPU = Debug|Any CPU
		Release|Any CPU = Release|Any CPU
	EndGlobalSection
	GlobalSection(ProjectConfigurationPlatforms) = postSolution
		{47E284EC-71A1-4FCC-8A27-551D2C60397D}.Debug|Any CPU.ActiveCfg = Debug|Any CPU
		{47E284EC-71A1-4FCC-8A27-551D2C60397D}.Debug|Any CPU.Build.0 = Debug|Any CPU
		{47E284EC-71A1-4FCC-8A27-551D2C60397D}.Release|Any CPU.ActiveCfg = Release|Any CPU
		{47E284EC-71A1-4FCC-8A27-551D2C60397D}.Release|Any CPU.Build.0 = Release|Any CPU
		{5369575D-2BA0-4D79-BADC-73CAA19C4F71}.Debug|Any CPU.ActiveCfg = Debug|Any CPU
		{5369575D-2BA0-4D79-BADC-73CAA19C4F71}.Debug|Any CPU.Build.0 = Debug|Any CPU
		{5369575D-2BA0-4D79-BADC-73CAA19C4F71}.Release|Any CPU.ActiveCfg = Release|Any CPU
		{5369575D-2BA0-4D79-BADC-73CAA19C4F71}.Release|Any CPU.Build.0 = Release|Any CPU
		{B6405FE1-457A-4C0A-9E3A-0538210F4B56}.Debug|Any CPU.ActiveCfg = Debug|Any CPU
		{B6405FE1-457A-4C0A-9E3A-0538210F4B56}.Debug|Any CPU.Build.0 = Debug|Any CPU
		{B6405FE1-457A-4C0A-9E3A-0538210F4B56}.Release|Any CPU.ActiveCfg = Release|Any CPU
		{B6405FE1-457A-4C0A-9E3A-0538210F4B56}.Release|Any CPU.Build.0 = Release|Any CPU
	EndGlobalSection
	GlobalSection(SolutionProperties) = preSolution
		HideSolutionNode = FALSE
	EndGlobalSection
	GlobalSection(NestedProjects) = preSolution
		{B6405FE1-457A-4C0A-9E3A-0538210F4B56} = {21355C81-3680-442A-B82C-F388A4C857FE}
	EndGlobalSection
	GlobalSection(ExtensibilityGlobals) = postSolution
		SolutionGuid = {F71AD6E8-8C96-4A14-85D7-8659D219A130}
	EndGlobalSection
EndGlobal
